// !$*UTF8*$!
{
	archiveVersion = 1;
	classes = {
	};
	objectVersion = 46;
	objects = {

/* Begin PBXBuildFile section */
		FD1BABAE1AB3312C00FAA022 /* AVFoundation.framework in Frameworks */ = {isa = PBXBuildFile; fileRef = FD1BABAD1AB3312C00FAA022 /* AVFoundation.framework */; };
		FD74E2DD1AA87A3400EFF16B /* AppDelegate.swift in Sources */ = {isa = PBXBuildFile; fileRef = FD74E2DC1AA87A3400EFF16B /* AppDelegate.swift */; };
		FD74E2DF1AA87A3400EFF16B /* ViewController.swift in Sources */ = {isa = PBXBuildFile; fileRef = FD74E2DE1AA87A3400EFF16B /* ViewController.swift */; };
		FD74E2E21AA87A3400EFF16B /* Main.storyboard in Resources */ = {isa = PBXBuildFile; fileRef = FD74E2E01AA87A3400EFF16B /* Main.storyboard */; };
		FD74E2E41AA87A3400EFF16B /* Images.xcassets in Resources */ = {isa = PBXBuildFile; fileRef = FD74E2E31AA87A3400EFF16B /* Images.xcassets */; };
		FD74E2E71AA87A3400EFF16B /* LaunchScreen.xib in Resources */ = {isa = PBXBuildFile; fileRef = FD74E2E51AA87A3400EFF16B /* LaunchScreen.xib */; };
		FD74E2F31AA87A3400EFF16B /* RadioAristocratsTests.swift in Sources */ = {isa = PBXBuildFile; fileRef = FD74E2F21AA87A3400EFF16B /* RadioAristocratsTests.swift */; };
		FD74E2FF1AA8802800EFF16B /* PageContentViewController.swift in Sources */ = {isa = PBXBuildFile; fileRef = FD74E2FE1AA8802800EFF16B /* PageContentViewController.swift */; };
		FD74E3011AA896DB00EFF16B /* Track.swift in Sources */ = {isa = PBXBuildFile; fileRef = FD74E3001AA896DB00EFF16B /* Track.swift */; };
		FD74E3031AA898E800EFF16B /* RadioManager.swift in Sources */ = {isa = PBXBuildFile; fileRef = FD74E3021AA898E800EFF16B /* RadioManager.swift */; };
		FD74E3051AA9A5DF00EFF16B /* HtmlParser.swift in Sources */ = {isa = PBXBuildFile; fileRef = FD74E3041AA9A5DF00EFF16B /* HtmlParser.swift */; };
		FDE7DB971ABB16DD004AE1C7 /* Reachability.swift in Sources */ = {isa = PBXBuildFile; fileRef = FDE7DB961ABB16DD004AE1C7 /* Reachability.swift */; };
/* End PBXBuildFile section */

/* Begin PBXContainerItemProxy section */
		FD74E2ED1AA87A3400EFF16B /* PBXContainerItemProxy */ = {
			isa = PBXContainerItemProxy;
			containerPortal = FD74E2CF1AA87A3400EFF16B /* Project object */;
			proxyType = 1;
			remoteGlobalIDString = FD74E2D61AA87A3400EFF16B;
			remoteInfo = RadioAristocrats;
		};
/* End PBXContainerItemProxy section */

/* Begin PBXFileReference section */
		FD1BABAD1AB3312C00FAA022 /* AVFoundation.framework */ = {isa = PBXFileReference; lastKnownFileType = wrapper.framework; name = AVFoundation.framework; path = System/Library/Frameworks/AVFoundation.framework; sourceTree = SDKROOT; };
		FD74E2D71AA87A3400EFF16B /* RadioAristocrats.app */ = {isa = PBXFileReference; explicitFileType = wrapper.application; includeInIndex = 0; path = RadioAristocrats.app; sourceTree = BUILT_PRODUCTS_DIR; };
		FD74E2DB1AA87A3400EFF16B /* Info.plist */ = {isa = PBXFileReference; lastKnownFileType = text.plist.xml; path = Info.plist; sourceTree = "<group>"; };
		FD74E2DC1AA87A3400EFF16B /* AppDelegate.swift */ = {isa = PBXFileReference; lastKnownFileType = sourcecode.swift; path = AppDelegate.swift; sourceTree = "<group>"; };
		FD74E2DE1AA87A3400EFF16B /* ViewController.swift */ = {isa = PBXFileReference; lastKnownFileType = sourcecode.swift; path = ViewController.swift; sourceTree = "<group>"; };
		FD74E2E11AA87A3400EFF16B /* Base */ = {isa = PBXFileReference; lastKnownFileType = file.storyboard; name = Base; path = Base.lproj/Main.storyboard; sourceTree = "<group>"; };
		FD74E2E31AA87A3400EFF16B /* Images.xcassets */ = {isa = PBXFileReference; lastKnownFileType = folder.assetcatalog; path = Images.xcassets; sourceTree = "<group>"; };
		FD74E2E61AA87A3400EFF16B /* Base */ = {isa = PBXFileReference; lastKnownFileType = file.xib; name = Base; path = Base.lproj/LaunchScreen.xib; sourceTree = "<group>"; };
		FD74E2EC1AA87A3400EFF16B /* RadioAristocratsTests.xctest */ = {isa = PBXFileReference; explicitFileType = wrapper.cfbundle; includeInIndex = 0; path = RadioAristocratsTests.xctest; sourceTree = BUILT_PRODUCTS_DIR; };
		FD74E2F11AA87A3400EFF16B /* Info.plist */ = {isa = PBXFileReference; lastKnownFileType = text.plist.xml; path = Info.plist; sourceTree = "<group>"; };
		FD74E2F21AA87A3400EFF16B /* RadioAristocratsTests.swift */ = {isa = PBXFileReference; lastKnownFileType = sourcecode.swift; path = RadioAristocratsTests.swift; sourceTree = "<group>"; };
		FD74E2FE1AA8802800EFF16B /* PageContentViewController.swift */ = {isa = PBXFileReference; fileEncoding = 4; lastKnownFileType = sourcecode.swift; path = PageContentViewController.swift; sourceTree = "<group>"; };
		FD74E3001AA896DB00EFF16B /* Track.swift */ = {isa = PBXFileReference; fileEncoding = 4; lastKnownFileType = sourcecode.swift; path = Track.swift; sourceTree = "<group>"; };
		FD74E3021AA898E800EFF16B /* RadioManager.swift */ = {isa = PBXFileReference; fileEncoding = 4; lastKnownFileType = sourcecode.swift; path = RadioManager.swift; sourceTree = "<group>"; };
		FD74E3041AA9A5DF00EFF16B /* HtmlParser.swift */ = {isa = PBXFileReference; fileEncoding = 4; lastKnownFileType = sourcecode.swift; path = HtmlParser.swift; sourceTree = "<group>"; };
		FDE7DB961ABB16DD004AE1C7 /* Reachability.swift */ = {isa = PBXFileReference; fileEncoding = 4; lastKnownFileType = sourcecode.swift; path = Reachability.swift; sourceTree = "<group>"; };
/* End PBXFileReference section */

/* Begin PBXFrameworksBuildPhase section */
		FD74E2D41AA87A3400EFF16B /* Frameworks */ = {
			isa = PBXFrameworksBuildPhase;
			buildActionMask = 2147483647;
			files = (
				FD1BABAE1AB3312C00FAA022 /* AVFoundation.framework in Frameworks */,
			);
			runOnlyForDeploymentPostprocessing = 0;
		};
		FD74E2E91AA87A3400EFF16B /* Frameworks */ = {
			isa = PBXFrameworksBuildPhase;
			buildActionMask = 2147483647;
			files = (
			);
			runOnlyForDeploymentPostprocessing = 0;
		};
/* End PBXFrameworksBuildPhase section */

/* Begin PBXGroup section */
		FD74E2CE1AA87A3400EFF16B = {
			isa = PBXGroup;
			children = (
				FD74E2D91AA87A3400EFF16B /* RadioAristocrats */,
				FD74E2EF1AA87A3400EFF16B /* RadioAristocratsTests */,
				FD74E2D81AA87A3400EFF16B /* Products */,
			);
			sourceTree = "<group>";
		};
		FD74E2D81AA87A3400EFF16B /* Products */ = {
			isa = PBXGroup;
			children = (
				FD74E2D71AA87A3400EFF16B /* RadioAristocrats.app */,
				FD74E2EC1AA87A3400EFF16B /* RadioAristocratsTests.xctest */,
			);
			name = Products;
			sourceTree = "<group>";
		};
		FD74E2D91AA87A3400EFF16B /* RadioAristocrats */ = {
			isa = PBXGroup;
			children = (
				FD74E2DC1AA87A3400EFF16B /* AppDelegate.swift */,
				FD74E2DE1AA87A3400EFF16B /* ViewController.swift */,
				FD74E2FE1AA8802800EFF16B /* PageContentViewController.swift */,
				FDE7DB961ABB16DD004AE1C7 /* Reachability.swift */,
				FD74E3001AA896DB00EFF16B /* Track.swift */,
				FD74E3021AA898E800EFF16B /* RadioManager.swift */,
				FD74E3041AA9A5DF00EFF16B /* HtmlParser.swift */,
				FD74E2E01AA87A3400EFF16B /* Main.storyboard */,
				FD74E2E31AA87A3400EFF16B /* Images.xcassets */,
				FD74E2E51AA87A3400EFF16B /* LaunchScreen.xib */,
				FD74E2DA1AA87A3400EFF16B /* Supporting Files */,
			);
			path = RadioAristocrats;
			sourceTree = "<group>";
		};
		FD74E2DA1AA87A3400EFF16B /* Supporting Files */ = {
			isa = PBXGroup;
			children = (
				FD1BABAD1AB3312C00FAA022 /* AVFoundation.framework */,
				FD74E2DB1AA87A3400EFF16B /* Info.plist */,
			);
			name = "Supporting Files";
			sourceTree = "<group>";
		};
		FD74E2EF1AA87A3400EFF16B /* RadioAristocratsTests */ = {
			isa = PBXGroup;
			children = (
				FD74E2F21AA87A3400EFF16B /* RadioAristocratsTests.swift */,
				FD74E2F01AA87A3400EFF16B /* Supporting Files */,
			);
			path = RadioAristocratsTests;
			sourceTree = "<group>";
		};
		FD74E2F01AA87A3400EFF16B /* Supporting Files */ = {
			isa = PBXGroup;
			children = (
				FD74E2F11AA87A3400EFF16B /* Info.plist */,
			);
			name = "Supporting Files";
			sourceTree = "<group>";
		};
/* End PBXGroup section */

/* Begin PBXNativeTarget section */
		FD74E2D61AA87A3400EFF16B /* RadioAristocrats */ = {
			isa = PBXNativeTarget;
			buildConfigurationList = FD74E2F61AA87A3400EFF16B /* Build configuration list for PBXNativeTarget "RadioAristocrats" */;
			buildPhases = (
				FD74E2D31AA87A3400EFF16B /* Sources */,
				FD74E2D41AA87A3400EFF16B /* Frameworks */,
				FD74E2D51AA87A3400EFF16B /* Resources */,
			);
			buildRules = (
			);
			dependencies = (
			);
			name = RadioAristocrats;
			productName = RadioAristocrats;
			productReference = FD74E2D71AA87A3400EFF16B /* RadioAristocrats.app */;
			productType = "com.apple.product-type.application";
		};
		FD74E2EB1AA87A3400EFF16B /* RadioAristocratsTests */ = {
			isa = PBXNativeTarget;
			buildConfigurationList = FD74E2F91AA87A3400EFF16B /* Build configuration list for PBXNativeTarget "RadioAristocratsTests" */;
			buildPhases = (
				FD74E2E81AA87A3400EFF16B /* Sources */,
				FD74E2E91AA87A3400EFF16B /* Frameworks */,
				FD74E2EA1AA87A3400EFF16B /* Resources */,
			);
			buildRules = (
			);
			dependencies = (
				FD74E2EE1AA87A3400EFF16B /* PBXTargetDependency */,
			);
			name = RadioAristocratsTests;
			productName = RadioAristocratsTests;
			productReference = FD74E2EC1AA87A3400EFF16B /* RadioAristocratsTests.xctest */;
			productType = "com.apple.product-type.bundle.unit-test";
		};
/* End PBXNativeTarget section */

/* Begin PBXProject section */
		FD74E2CF1AA87A3400EFF16B /* Project object */ = {
			isa = PBXProject;
			attributes = {
				LastUpgradeCheck = 0630;
				ORGANIZATIONNAME = RadioAristocrats;
				TargetAttributes = {
					FD74E2D61AA87A3400EFF16B = {
						CreatedOnToolsVersion = 6.3;
					};
					FD74E2EB1AA87A3400EFF16B = {
						CreatedOnToolsVersion = 6.3;
						TestTargetID = FD74E2D61AA87A3400EFF16B;
					};
				};
			};
			buildConfigurationList = FD74E2D21AA87A3400EFF16B /* Build configuration list for PBXProject "RadioAristocrats" */;
			compatibilityVersion = "Xcode 3.2";
			developmentRegion = English;
			hasScannedForEncodings = 0;
			knownRegions = (
				en,
				Base,
			);
			mainGroup = FD74E2CE1AA87A3400EFF16B;
			productRefGroup = FD74E2D81AA87A3400EFF16B /* Products */;
			projectDirPath = "";
			projectRoot = "";
			targets = (
				FD74E2D61AA87A3400EFF16B /* RadioAristocrats */,
				FD74E2EB1AA87A3400EFF16B /* RadioAristocratsTests */,
			);
		};
/* End PBXProject section */

/* Begin PBXResourcesBuildPhase section */
		FD74E2D51AA87A3400EFF16B /* Resources */ = {
			isa = PBXResourcesBuildPhase;
			buildActionMask = 2147483647;
			files = (
				FD74E2E21AA87A3400EFF16B /* Main.storyboard in Resources */,
				FD74E2E71AA87A3400EFF16B /* LaunchScreen.xib in Resources */,
				FD74E2E41AA87A3400EFF16B /* Images.xcassets in Resources */,
			);
			runOnlyForDeploymentPostprocessing = 0;
		};
		FD74E2EA1AA87A3400EFF16B /* Resources */ = {
			isa = PBXResourcesBuildPhase;
			buildActionMask = 2147483647;
			files = (
			);
			runOnlyForDeploymentPostprocessing = 0;
		};
/* End PBXResourcesBuildPhase section */

/* Begin PBXSourcesBuildPhase section */
		FD74E2D31AA87A3400EFF16B /* Sources */ = {
			isa = PBXSourcesBuildPhase;
			buildActionMask = 2147483647;
			files = (
				FDE7DB971ABB16DD004AE1C7 /* Reachability.swift in Sources */,
				FD74E2FF1AA8802800EFF16B /* PageContentViewController.swift in Sources */,
				FD74E2DF1AA87A3400EFF16B /* ViewController.swift in Sources */,
				FD74E2DD1AA87A3400EFF16B /* AppDelegate.swift in Sources */,
				FD74E3011AA896DB00EFF16B /* Track.swift in Sources */,
				FD74E3031AA898E800EFF16B /* RadioManager.swift in Sources */,
				FD74E3051AA9A5DF00EFF16B /* HtmlParser.swift in Sources */,
			);
			runOnlyForDeploymentPostprocessing = 0;
		};
		FD74E2E81AA87A3400EFF16B /* Sources */ = {
			isa = PBXSourcesBuildPhase;
			buildActionMask = 2147483647;
			files = (
				FD74E2F31AA87A3400EFF16B /* RadioAristocratsTests.swift in Sources */,
			);
			runOnlyForDeploymentPostprocessing = 0;
		};
/* End PBXSourcesBuildPhase section */

/* Begin PBXTargetDependency section */
		FD74E2EE1AA87A3400EFF16B /* PBXTargetDependency */ = {
			isa = PBXTargetDependency;
			target = FD74E2D61AA87A3400EFF16B /* RadioAristocrats */;
			targetProxy = FD74E2ED1AA87A3400EFF16B /* PBXContainerItemProxy */;
		};
/* End PBXTargetDependency section */

/* Begin PBXVariantGroup section */
		FD74E2E01AA87A3400EFF16B /* Main.storyboard */ = {
			isa = PBXVariantGroup;
			children = (
				FD74E2E11AA87A3400EFF16B /* Base */,
			);
			name = Main.storyboard;
			sourceTree = "<group>";
		};
		FD74E2E51AA87A3400EFF16B /* LaunchScreen.xib */ = {
			isa = PBXVariantGroup;
			children = (
				FD74E2E61AA87A3400EFF16B /* Base */,
			);
			name = LaunchScreen.xib;
			sourceTree = "<group>";
		};
/* End PBXVariantGroup section */

/* Begin XCBuildConfiguration section */
		FD74E2F41AA87A3400EFF16B /* Debug */ = {
			isa = XCBuildConfiguration;
			buildSettings = {
				ALWAYS_SEARCH_USER_PATHS = NO;
				CLANG_CXX_LANGUAGE_STANDARD = "gnu++0x";
				CLANG_CXX_LIBRARY = "libc++";
				CLANG_ENABLE_MODULES = YES;
				CLANG_ENABLE_OBJC_ARC = YES;
				CLANG_WARN_BOOL_CONVERSION = YES;
				CLANG_WARN_CONSTANT_CONVERSION = YES;
				CLANG_WARN_DIRECT_OBJC_ISA_USAGE = YES_ERROR;
				CLANG_WARN_EMPTY_BODY = YES;
				CLANG_WARN_ENUM_CONVERSION = YES;
				CLANG_WARN_INT_CONVERSION = YES;
				CLANG_WARN_OBJC_ROOT_CLASS = YES_ERROR;
				CLANG_WARN_UNREACHABLE_CODE = YES;
				CLANG_WARN__DUPLICATE_METHOD_MATCH = YES;
				"CODE_SIGN_IDENTITY[sdk=iphoneos*]" = "iPhone Developer";
				COPY_PHASE_STRIP = NO;
				DEBUG_INFORMATION_FORMAT = dwarf;
				ENABLE_STRICT_OBJC_MSGSEND = YES;
				GCC_C_LANGUAGE_STANDARD = gnu99;
				GCC_DYNAMIC_NO_PIC = NO;
				GCC_NO_COMMON_BLOCKS = YES;
				GCC_OPTIMIZATION_LEVEL = 0;
				GCC_PREPROCESSOR_DEFINITIONS = (
					"DEBUG=1",
					"$(inherited)",
				);
				GCC_SYMBOLS_PRIVATE_EXTERN = NO;
				GCC_WARN_64_TO_32_BIT_CONVERSION = YES;
				GCC_WARN_ABOUT_RETURN_TYPE = YES_ERROR;
				GCC_WARN_UNDECLARED_SELECTOR = YES;
				GCC_WARN_UNINITIALIZED_AUTOS = YES_AGGRESSIVE;
				GCC_WARN_UNUSED_FUNCTION = YES;
				GCC_WARN_UNUSED_VARIABLE = YES;
				IPHONEOS_DEPLOYMENT_TARGET = 8.3;
				MTL_ENABLE_DEBUG_INFO = YES;
				ONLY_ACTIVE_ARCH = YES;
				SDKROOT = iphoneos;
				SWIFT_OPTIMIZATION_LEVEL = "-Onone";
			};
			name = Debug;
		};
		FD74E2F51AA87A3400EFF16B /* Release */ = {
			isa = XCBuildConfiguration;
			buildSettings = {
				ALWAYS_SEARCH_USER_PATHS = NO;
				CLANG_CXX_LANGUAGE_STANDARD = "gnu++0x";
				CLANG_CXX_LIBRARY = "libc++";
				CLANG_ENABLE_MODULES = YES;
				CLANG_ENABLE_OBJC_ARC = YES;
				CLANG_WARN_BOOL_CONVERSION = YES;
				CLANG_WARN_CONSTANT_CONVERSION = YES;
				CLANG_WARN_DIRECT_OBJC_ISA_USAGE = YES_ERROR;
				CLANG_WARN_EMPTY_BODY = YES;
				CLANG_WARN_ENUM_CONVERSION = YES;
				CLANG_WARN_INT_CONVERSION = YES;
				CLANG_WARN_OBJC_ROOT_CLASS = YES_ERROR;
				CLANG_WARN_UNREACHABLE_CODE = YES;
				CLANG_WARN__DUPLICATE_METHOD_MATCH = YES;
				"CODE_SIGN_IDENTITY[sdk=iphoneos*]" = "iPhone Developer";
				COPY_PHASE_STRIP = NO;
				DEBUG_INFORMATION_FORMAT = "dwarf-with-dsym";
				ENABLE_NS_ASSERTIONS = NO;
				ENABLE_STRICT_OBJC_MSGSEND = YES;
				GCC_C_LANGUAGE_STANDARD = gnu99;
				GCC_NO_COMMON_BLOCKS = YES;
				GCC_WARN_64_TO_32_BIT_CONVERSION = YES;
				GCC_WARN_ABOUT_RETURN_TYPE = YES_ERROR;
				GCC_WARN_UNDECLARED_SELECTOR = YES;
				GCC_WARN_UNINITIALIZED_AUTOS = YES_AGGRESSIVE;
				GCC_WARN_UNUSED_FUNCTION = YES;
				GCC_WARN_UNUSED_VARIABLE = YES;
				IPHONEOS_DEPLOYMENT_TARGET = 8.3;
				MTL_ENABLE_DEBUG_INFO = NO;
				SDKROOT = iphoneos;
				VALIDATE_PRODUCT = YES;
			};
			name = Release;
		};
		FD74E2F71AA87A3400EFF16B /* Debug */ = {
			isa = XCBuildConfiguration;
			buildSettings = {
				ASSETCATALOG_COMPILER_APPICON_NAME = AppIcon;
				INFOPLIST_FILE = RadioAristocrats/Info.plist;
				LD_RUNPATH_SEARCH_PATHS = "$(inherited) @executable_path/Frameworks";
				PRODUCT_NAME = "$(TARGET_NAME)";
			};
			name = Debug;
		};
		FD74E2F81AA87A3400EFF16B /* Release */ = {
			isa = XCBuildConfiguration;
			buildSettings = {
				ASSETCATALOG_COMPILER_APPICON_NAME = AppIcon;
				INFOPLIST_FILE = RadioAristocrats/Info.plist;
				LD_RUNPATH_SEARCH_PATHS = "$(inherited) @executable_path/Frameworks";
				PRODUCT_NAME = "$(TARGET_NAME)";
			};
			name = Release;
		};
		FD74E2FA1AA87A3400EFF16B /* Debug */ = {
			isa = XCBuildConfiguration;
			buildSettings = {
				BUNDLE_LOADER = "$(TEST_HOST)";
				FRAMEWORK_SEARCH_PATHS = (
					"$(SDKROOT)/Developer/Library/Frameworks",
					"$(inherited)",
				);
				GCC_PREPROCESSOR_DEFINITIONS = (
					"DEBUG=1",
					"$(inherited)",
				);
				INFOPLIST_FILE = RadioAristocratsTests/Info.plist;
				LD_RUNPATH_SEARCH_PATHS = "$(inherited) @executable_path/Frameworks @loader_path/Frameworks";
				PRODUCT_NAME = "$(TARGET_NAME)";
				TEST_HOST = "$(BUILT_PRODUCTS_DIR)/RadioAristocrats.app/RadioAristocrats";
			};
			name = Debug;
		};
		FD74E2FB1AA87A3400EFF16B /* Release */ = {
			isa = XCBuildConfiguration;
			buildSettings = {
				BUNDLE_LOADER = "$(TEST_HOST)";
				FRAMEWORK_SEARCH_PATHS = (
					"$(SDKROOT)/Developer/Library/Frameworks",
					"$(inherited)",
				);
				INFOPLIST_FILE = RadioAristocratsTests/Info.plist;
				LD_RUNPATH_SEARCH_PATHS = "$(inherited) @executable_path/Frameworks @loader_path/Frameworks";
				PRODUCT_NAME = "$(TARGET_NAME)";
				TEST_HOST = "$(BUILT_PRODUCTS_DIR)/RadioAristocrats.app/RadioAristocrats";
			};
			name = Release;
		};
/* End XCBuildConfiguration section */

/* Begin XCConfigurationList section */
		FD74E2D21AA87A3400EFF16B /* Build configuration list for PBXProject "RadioAristocrats" */ = {
			isa = XCConfigurationList;
			buildConfigurations = (
				FD74E2F41AA87A3400EFF16B /* Debug */,
				FD74E2F51AA87A3400EFF16B /* Release */,
			);
			defaultConfigurationIsVisible = 0;
			defaultConfigurationName = Release;
		};
		FD74E2F61AA87A3400EFF16B /* Build configuration list for PBXNativeTarget "RadioAristocrats" */ = {
			isa = XCConfigurationList;
			buildConfigurations = (
				FD74E2F71AA87A3400EFF16B /* Debug */,
				FD74E2F81AA87A3400EFF16B /* Release */,
			);
			defaultConfigurationIsVisible = 0;
			defaultConfigurationName = Release;
		};
		FD74E2F91AA87A3400EFF16B /* Build configuration list for PBXNativeTarget "RadioAristocratsTests" */ = {
			isa = XCConfigurationList;
			buildConfigurations = (
				FD74E2FA1AA87A3400EFF16B /* Debug */,
				FD74E2FB1AA87A3400EFF16B /* Release */,
			);
			defaultConfigurationIsVisible = 0;
			defaultConfigurationName = Release;
		};
/* End XCConfigurationList section */
	};
	rootObject = FD74E2CF1AA87A3400EFF16B /* Project object */;
}
